dependencies:
- name: common
  repository: https://bjw-s-labs.github.io/helm-charts/
  version: 5.2.1
- name: redis
  repository: oci://registry-1.docker.io/cloudpirates
  version: 0.36.3
digest: sha256:30df262b050ffa85316b6cdc33a0df4f5e121b067c53a41fa7590d0666cb4f69
generated: "2026-10-07T09:56:24.978926877Z"
