dependencies:
- name: common
  repository: https://bjw-s-labs.github.io/helm-charts/
  version: 5.1.0
- name: redis
  repository: oci://registry-1.docker.io/cloudpirates
  version: 0.34.17
digest: sha256:af8218a3a43187c0aee0432efccc94b121891d9e712854d1610c8a6718464305
generated: "2026-08-17T12:54:14.491713766Z"
