dependencies:
- name: common
  repository: https://bjw-s-labs.github.io/helm-charts/
  version: 5.0.1
- name: redis
  repository: oci://registry-1.docker.io/cloudpirates
  version: 0.33.6
digest: sha256:e5fe3e151412935035f0471f6c68f4c5403423c7d06548442ab9a357f221fab2
generated: "2026-08-03T22:58:43.838941589Z"
