dependencies:
- name: common
  repository: https://bjw-s-labs.github.io/helm-charts/
  version: 5.1.0
- name: postgres
  repository: oci://registry-1.docker.io/cloudpirates
  version: 0.20.5
- name: redis
  repository: oci://registry-1.docker.io/cloudpirates
  version: 0.34.32
digest: sha256:05e2ed87eb5bf2ca89c15b851a9992c7310ce643c7246568b13c84a6bf01bc2e
generated: "2026-09-10T23:37:02.855610922Z"
