dependencies:
- name: common
  repository: https://bjw-s-labs.github.io/helm-charts/
  version: 5.2.1
- name: postgres
  repository: oci://registry-1.docker.io/cloudpirates
  version: 0.21.2
- name: redis
  repository: oci://registry-1.docker.io/cloudpirates
  version: 0.37.1
digest: sha256:fd761658b7f9f5d463ddccd51f8609f22b90999e32a66b438e7f678f37a55db6
generated: "2026-10-08T11:06:20.645863484Z"
