dependencies:
- name: common
  repository: https://bjw-s-labs.github.io/helm-charts/
  version: 5.2.1
- name: postgres
  repository: oci://registry-1.docker.io/cloudpirates
  version: 0.20.5
- name: redis
  repository: oci://registry-1.docker.io/cloudpirates
  version: 0.35.2
digest: sha256:8f79339752e1d7b3eae0fdd757b581f5b91314e3810749be8485c992807e004a
generated: "2026-09-21T21:39:17.308277609Z"
