dependencies:
- name: common
  repository: https://bjw-s-labs.github.io/helm-charts/
  version: 4.6.2
- name: postgres
  repository: oci://registry-1.docker.io/cloudpirates
  version: 0.15.2
digest: sha256:549f67fa7460088d510eff002cd85e3946ea151ec8bcd14e855343e7b00f6f31
generated: "2026-02-03T08:54:19.631153833Z"
