dependencies:
- name: common
  repository: https://bjw-s-labs.github.io/helm-charts/
  version: 4.6.2
- name: postgres
  repository: oci://registry-1.docker.io/cloudpirates
  version: 0.14.0
digest: sha256:d3e85081653178ca5b3cd747cd0e2be908def0bb18e0dd4c6c0a39f334e946d3
generated: "2026-01-16T10:58:53.673931134Z"
