dependencies:
- name: common
  repository: https://bjw-s-labs.github.io/helm-charts/
  version: 4.6.2
- name: postgres
  repository: oci://registry-1.docker.io/cloudpirates
  version: 0.17.2
digest: sha256:9c682779d728cc6f4cdabf77a26af1d79d4bcf62f369a8fe370c8cf25a721b81
generated: "2026-03-05T10:48:00.729631983Z"
