dependencies:
- name: common
  repository: https://bjw-s-labs.github.io/helm-charts/
  version: 5.2.1
- name: redis
  repository: oci://registry-1.docker.io/cloudpirates
  version: 0.35.4
digest: sha256:70dcbda067ef7bf8982066ed19eead2296f1fc0d1c80de8ba08ef2f0e27135b7
generated: "2026-09-22T11:04:58.489102244Z"
