dependencies:
- name: common
  repository: https://bjw-s-labs.github.io/helm-charts/
  version: 5.1.0
- name: redis
  repository: oci://registry-1.docker.io/cloudpirates
  version: 0.34.26
digest: sha256:c221b3f9a23633fb5419f01471fc87cd57860f74f249e558ed1d7d2a9b0dc4c5
generated: "2026-09-01T10:51:11.471450183Z"
