dependencies:
- name: common
  repository: https://bjw-s-labs.github.io/helm-charts/
  version: 5.1.0
- name: redis
  repository: oci://registry-1.docker.io/cloudpirates
  version: 0.34.21
digest: sha256:031f5c89173c4aaabe4d4c8e0d9412f240ffc02d8ecbd6359fcd744b814f8a2d
generated: "2026-08-27T01:52:25.23932952Z"
