dependencies:
- name: common
  repository: https://bjw-s-labs.github.io/helm-charts/
  version: 5.2.1
- name: postgres
  repository: oci://registry-1.docker.io/cloudpirates
  version: 0.20.6
digest: sha256:865cef9145cfddb674ab7363c20f993aa1719a18d9fcf79700d7f5d253e2ac46
generated: "2026-09-23T15:38:59.100042016Z"
