dependencies:
- name: common
  repository: https://bjw-s-labs.github.io/helm-charts/
  version: 5.2.1
- name: postgres
  repository: oci://registry-1.docker.io/cloudpirates
  version: 0.21.0
digest: sha256:60aa634c61d25fc484e1f4bdf57c1245e596b6eeacded7de434cfe08d56ff11b
generated: "2026-10-05T05:04:11.079353572Z"
