dependencies:
- name: common
  repository: https://bjw-s-labs.github.io/helm-charts/
  version: 5.2.1
- name: postgres
  repository: oci://registry-1.docker.io/cloudpirates
  version: 0.21.2
digest: sha256:1427d17dd35f5bc34e948c25d811da095e704cedb5a31f7c212f80c247f05f91
generated: "2026-10-08T20:13:32.434162174Z"
