dependencies:
- name: common
  repository: https://bjw-s-labs.github.io/helm-charts/
  version: 5.2.1
- name: postgres
  repository: oci://registry-1.docker.io/cloudpirates
  version: 0.21.1
digest: sha256:a8c42c529fb6fec27303adef1666b266378a9f1d1dee3da735fe472c93ff4e9c
generated: "2026-10-05T15:43:34.198623181Z"
