dependencies:
- name: common
  repository: https://bjw-s-labs.github.io/helm-charts
  version: 4.6.2
- name: postgres
  repository: oci://registry-1.docker.io/cloudpirates
  version: 0.16.1
digest: sha256:8a914c66d8f562f3bae1b211d7685149b78f07d8bda13dbe3f640e38f346629d
generated: "2026-02-25T12:38:14.349198065Z"
