dependencies:
- name: common
  repository: https://bjw-s-labs.github.io/helm-charts
  version: 4.5.0
- name: postgres
  repository: oci://registry-1.docker.io/cloudpirates
  version: 0.13.6
digest: sha256:f68d2da06b7f8a620a8e8fe30820b9dfd9df721cf09f5c701cf609c1ddcfc378
generated: "2025-12-25T19:59:43.4012786Z"
