dependencies:
- name: common
  repository: https://bjw-s-labs.github.io/helm-charts/
  version: 4.6.2
- name: redis
  repository: oci://registry-1.docker.io/cloudpirates
  version: 0.24.0
digest: sha256:d596fb8dfb7e203e4ccf7a1f551e6c05865605c02f853020cd51b537cb459c46
generated: "2026-02-20T17:46:12.272875262Z"
