dependencies:
- name: common
  repository: https://bjw-s-labs.github.io/helm-charts/
  version: 5.2.1
- name: redis
  repository: oci://registry-1.docker.io/cloudpirates
  version: 0.35.6
digest: sha256:249f91151b6fc52fdffaab2a89ba7cc10067a89f88be43dd3fa5cc4c9cd0ee90
generated: "2026-10-06T01:43:09.9732662Z"
